<?xml version="1.0" encoding="utf-8"?>
<Project ToolsVersion="4.0" xmlns="http://schemas.microsoft.com/developer/msbuild/2003">
  <ItemGroup>
    <ClCompile Include="ARB_Multisample.cpp">
      <Filter>Source Files</Filter>
    </ClCompile>
    <ClCompile Include="DataUpdata.cpp">
      <Filter>Source Files</Filter>
    </ClCompile>
    <ClCompile Include="DDS.cpp">
      <Filter>Source Files</Filter>
    </ClCompile>
    <ClCompile Include="Draw.cpp">
      <Filter>Source Files</Filter>
    </ClCompile>
    <ClCompile Include="EasyMatrix.cpp">
      <Filter>Source Files</Filter>
    </ClCompile>
    <ClCompile Include="ExchangeThread.cpp">
      <Filter>Source Files</Filter>
    </ClCompile>
    <ClCompile Include="FBO.cpp">
      <Filter>Source Files</Filter>
    </ClCompile>
    <ClCompile Include="Font2D.cpp">
      <Filter>Source Files</Filter>
    </ClCompile>
    <ClCompile Include="Font3D.cpp">
      <Filter>Source Files</Filter>
    </ClCompile>
    <ClCompile Include="Glsl.cpp">
      <Filter>Source Files</Filter>
    </ClCompile>
    <ClCompile Include="IniFile.cpp">
      <Filter>Source Files</Filter>
    </ClCompile>
    <ClCompile Include="KeyInput.cpp">
      <Filter>Source Files</Filter>
    </ClCompile>
    <ClCompile Include="Load3DS.cpp">
      <Filter>Source Files</Filter>
    </ClCompile>
    <ClCompile Include="LockFPS.cpp">
      <Filter>Source Files</Filter>
    </ClCompile>
    <ClCompile Include="SceneUnit.cpp">
      <Filter>Source Files</Filter>
    </ClCompile>
    <ClCompile Include="System.cpp">
      <Filter>Source Files</Filter>
    </ClCompile>
    <ClCompile Include="TexManager.cpp">
      <Filter>Source Files</Filter>
    </ClCompile>
    <ClCompile Include="Textures.cpp">
      <Filter>Source Files</Filter>
    </ClCompile>
    <ClCompile Include="TGA.cpp">
      <Filter>Source Files</Filter>
    </ClCompile>
    <ClCompile Include="TopAceModel.cpp">
      <Filter>Source Files</Filter>
    </ClCompile>
    <ClCompile Include="ViewInput.cpp">
      <Filter>Source Files</Filter>
    </ClCompile>
    <ClCompile Include="UnitMath.cpp">
      <Filter>Source Files</Filter>
    </ClCompile>
    <ClCompile Include="UnitsList.cpp">
      <Filter>Source Files</Filter>
    </ClCompile>
    <ClCompile Include="EXTLIBS.cpp">
      <Filter>Source Files</Filter>
    </ClCompile>
    <ClCompile Include="SoundSys.cpp">
      <Filter>Source Files</Filter>
    </ClCompile>
    <ClCompile Include="FileSysBace.cpp" />
    <ClCompile Include="CharSysBace.cpp" />
    <ClCompile Include="TALogSys.cpp" />
    <ClCompile Include="GLSLLoader.cpp" />
    <ClCompile Include="DrawQUAD.cpp" />
    <ClCompile Include="Common.cpp" />
    <ClCompile Include="GLSL_Light.cpp">
      <Filter>GLSL_EFF</Filter>
    </ClCompile>
    <ClCompile Include="GLSL_Bloom.cpp">
      <Filter>GLSL_EFF</Filter>
    </ClCompile>
    <ClCompile Include="CPUTess.cpp" />
    <ClCompile Include="FONTS2D.cpp" />
    <ClCompile Include="GLSL_Shadow.cpp">
      <Filter>GLSL_EFF</Filter>
    </ClCompile>
    <ClCompile Include="TAMFT3D.cpp" />
    <ClCompile Include="CommonMatrix.cpp" />
  </ItemGroup>
  <ItemGroup>
    <ClInclude Include="ARB_Multisample.h">
      <Filter>Header Files</Filter>
    </ClInclude>
    <ClInclude Include="DataUpdata.h">
      <Filter>Header Files</Filter>
    </ClInclude>
    <ClInclude Include="DDS.h">
      <Filter>Header Files</Filter>
    </ClInclude>
    <ClInclude Include="Def.h">
      <Filter>Header Files</Filter>
    </ClInclude>
    <ClInclude Include="Draw.h">
      <Filter>Header Files</Filter>
    </ClInclude>
    <ClInclude Include="EasyVector.h">
      <Filter>Header Files</Filter>
    </ClInclude>
    <ClInclude Include="EasyMatrix.h">
      <Filter>Header Files</Filter>
    </ClInclude>
    <ClInclude Include="EasyQuat.h">
      <Filter>Header Files</Filter>
    </ClInclude>
    <ClInclude Include="ExchangeThread.h">
      <Filter>Header Files</Filter>
    </ClInclude>
    <ClInclude Include="FBO.h">
      <Filter>Header Files</Filter>
    </ClInclude>
    <ClInclude Include="Font2D.h">
      <Filter>Header Files</Filter>
    </ClInclude>
    <ClInclude Include="Font3D.h">
      <Filter>Header Files</Filter>
    </ClInclude>
    <ClInclude Include="Glsl.h">
      <Filter>Header Files</Filter>
    </ClInclude>
    <ClInclude Include="IniFile.h">
      <Filter>Header Files</Filter>
    </ClInclude>
    <ClInclude Include="KeyInput.h">
      <Filter>Header Files</Filter>
    </ClInclude>
    <ClInclude Include="Load3DS.h">
      <Filter>Header Files</Filter>
    </ClInclude>
    <ClInclude Include="LockFPS.h">
      <Filter>Header Files</Filter>
    </ClInclude>
    <ClInclude Include="resource.h">
      <Filter>Header Files</Filter>
    </ClInclude>
    <ClInclude Include="SceneUnit.h">
      <Filter>Header Files</Filter>
    </ClInclude>
    <ClInclude Include="System.h">
      <Filter>Header Files</Filter>
    </ClInclude>
    <ClInclude Include="TexManager.h">
      <Filter>Header Files</Filter>
    </ClInclude>
    <ClInclude Include="Textures.h">
      <Filter>Header Files</Filter>
    </ClInclude>
    <ClInclude Include="Tga.h">
      <Filter>Header Files</Filter>
    </ClInclude>
    <ClInclude Include="TopAceModel.h">
      <Filter>Header Files</Filter>
    </ClInclude>
    <ClInclude Include="UnitMath.h">
      <Filter>Header Files</Filter>
    </ClInclude>
    <ClInclude Include="ViewInput.h">
      <Filter>Header Files</Filter>
    </ClInclude>
    <ClInclude Include="UnitsList.h">
      <Filter>Header Files</Filter>
    </ClInclude>
    <ClInclude Include="EXTLIBS.h">
      <Filter>Header Files</Filter>
    </ClInclude>
    <ClInclude Include="SoundSys.h">
      <Filter>Header Files</Filter>
    </ClInclude>
    <ClInclude Include="FileSysBace.h" />
    <ClInclude Include="CharSysBace.h" />
    <ClInclude Include="TALogSys.h" />
    <ClInclude Include="GLSLLoader.h" />
    <ClInclude Include="DrawQUAD.h" />
    <ClInclude Include="Common.h" />
    <ClInclude Include="GLSL_Light.h">
      <Filter>GLSL_EFF</Filter>
    </ClInclude>
    <ClInclude Include="GLSL_Bloom.h">
      <Filter>GLSL_EFF</Filter>
    </ClInclude>
    <ClInclude Include="CPUTess.h" />
    <ClInclude Include="FONTS2D.h" />
    <ClInclude Include="GLSL_Shadow.h">
      <Filter>GLSL_EFF</Filter>
    </ClInclude>
    <ClInclude Include="TAMFT3D.h" />
    <ClInclude Include="CommonMatrix.h" />
  </ItemGroup>
  <ItemGroup>
    <None Include="TOP_ACE.ico">
      <Filter>Resource Files</Filter>
    </None>
  </ItemGroup>
  <ItemGroup>
    <Filter Include="Header Files">
      <UniqueIdentifier>{05c9a99d-3958-43ae-8343-80d8e923c2e3}</UniqueIdentifier>
    </Filter>
    <Filter Include="Source Files">
      <UniqueIdentifier>{205d04a3-584f-42da-ace0-ceecf922ee14}</UniqueIdentifier>
    </Filter>
    <Filter Include="Resource Files">
      <UniqueIdentifier>{43324375-2d7e-4216-9c5b-93d7a83a2f2e}</UniqueIdentifier>
    </Filter>
    <Filter Include="GLSL_EFF">
      <UniqueIdentifier>{55c24156-412a-4ed4-bf94-cf9ff8a8963b}</UniqueIdentifier>
    </Filter>
  </ItemGroup>
  <ItemGroup>
    <ResourceCompile Include="TOP_ACE.rc">
      <Filter>Resource Files</Filter>
    </ResourceCompile>
  </ItemGroup>
</Project>